
Microsoft Visual Studio Solution File, Format Version 12.00
# Visual Studio Version 17
VisualStudioVersion = 17.2.32630.192
MinimumVisualStudioVersion = 10.0.40219.1
Project("{FAE04EC0-301F-11D3-BF4B-00C04F79EFBC}") = "2", "2\2.csproj", "{A42D1EFC-4538-4D8C-BF02-C94B516C0BAF}"
EndProject
Global
	GlobalSection(SolutionConfigurationPlatforms) = preSolution
		Debug|Any CPU = Debug|Any CPU
		Release|Any CPU = Release|Any CPU
	EndGlobalSection
	GlobalSection(ProjectConfigurationPlatforms) = postSolution
		{A42D1EFC-4538-4D8C-BF02-C94B516C0BAF}.Debug|Any CPU.ActiveCfg = Debug|Any CPU
		{A42D1EFC-4538-4D8C-BF02-C94B516C0BAF}.Debug|Any CPU.Build.0 = Debug|Any CPU
		{A42D1EFC-4538-4D8C-BF02-C94B516C0BAF}.Release|Any CPU.ActiveCfg = Release|Any CPU
		{A42D1EFC-4538-4D8C-BF02-C94B516C0BAF}.Release|Any CPU.Build.0 = Release|Any CPU
	EndGlobalSection
	GlobalSection(SolutionProperties) = preSolution
		HideSolutionNode = FALSE
	EndGlobalSection
	GlobalSection(ExtensibilityGlobals) = postSolution
		SolutionGuid = {60B1D892-19A9-435F-BE72-F558C2EAF995}
	EndGlobalSection
EndGlobal
